
Microsoft Visual Studio Solution File, Format Version 12.00
# Visual Studio 15
VisualStudioVersion = 15.0.28307.572
MinimumVisualStudioVersion = 10.0.40219.1
Project("{9A19103F-16F7-4668-BE54-9A1E7A4F7556}") = "Api1Resource", "Api1Resource.csproj", "{DF1437B9-AEDF-4E8F-A7F2-9982B09A2627}"
EndProject
Global
	GlobalSection(SolutionConfigurationPlatforms) = preSolution
		Debug|Any CPU = Debug|Any CPU
		Release|Any CPU = Release|Any CPU
	EndGlobalSection
	GlobalSection(ProjectConfigurationPlatforms) = postSolution
		{DF1437B9-AEDF-4E8F-A7F2-9982B09A2627}.Debug|Any CPU.ActiveCfg = Debug|Any CPU
		{DF1437B9-AEDF-4E8F-A7F2-9982B09A2627}.Debug|Any CPU.Build.0 = Debug|Any CPU
		{DF1437B9-AEDF-4E8F-A7F2-9982B09A2627}.Release|Any CPU.ActiveCfg = Release|Any CPU
		{DF1437B9-AEDF-4E8F-A7F2-9982B09A2627}.Release|Any CPU.Build.0 = Release|Any CPU
	EndGlobalSection
	GlobalSection(SolutionProperties) = preSolution
		HideSolutionNode = FALSE
	EndGlobalSection
	GlobalSection(ExtensibilityGlobals) = postSolution
		SolutionGuid = {14AAD357-18CE-41AD-8B7E-4349B2973CAB}
	EndGlobalSection
EndGlobal
